
Microsoft Visual Studio Solution File, Format Version 12.00
# Visual Studio Version 16
VisualStudioVersion = 16.0.29905.134
MinimumVisualStudioVersion = 10.0.40219.1
Project("{9A19103F-16F7-4668-BE54-9A1E7A4F7556}") = "RealityCS.Web", "RealityCS.Web\RealityCS.Web.csproj", "{04ED3058-3948-4258-BB61-CCE9DB0F83BE}"
	ProjectSection(ProjectDependencies) = postProject
		{166F9614-D009-42F2-9912-ADADDC34F6D3} = {166F9614-D009-42F2-9912-ADADDC34F6D3}
		{8E7733CF-1108-4124-BF29-41878545E25F} = {8E7733CF-1108-4124-BF29-41878545E25F}
	EndProjectSection
EndProject
Project("{9A19103F-16F7-4668-BE54-9A1E7A4F7556}") = "RealityCS.Identity", "RealityCS.Identity\RealityCS.Identity.csproj", "{55439EAB-CD03-4A83-90ED-4A1951FE3B73}"
EndProject
Project("{9A19103F-16F7-4668-BE54-9A1E7A4F7556}") = "RealityCS.Api", "RealityCS.Api\RealityCS.Api.csproj", "{11B089CC-5053-4400-8BED-811C03656B0D}"
	ProjectSection(ProjectDependencies) = postProject
		{166F9614-D009-42F2-9912-ADADDC34F6D3} = {166F9614-D009-42F2-9912-ADADDC34F6D3}
		{91D3A47E-705A-46D0-96BE-F6CAE0C75646} = {91D3A47E-705A-46D0-96BE-F6CAE0C75646}
		{098B88A8-8926-4748-9EF9-E643D2B41158} = {098B88A8-8926-4748-9EF9-E643D2B41158}
		{AA6AE1AA-5B16-4D03-9C0C-00D64E130F7C} = {AA6AE1AA-5B16-4D03-9C0C-00D64E130F7C}
		{55439EAB-CD03-4A83-90ED-4A1951FE3B73} = {55439EAB-CD03-4A83-90ED-4A1951FE3B73}
		{8E7733CF-1108-4124-BF29-41878545E25F} = {8E7733CF-1108-4124-BF29-41878545E25F}
	EndProjectSection
EndProject
Project("{9A19103F-16F7-4668-BE54-9A1E7A4F7556}") = "RealityCS.BusinessLogic", "RealityCS.BusinessLogic\RealityCS.BusinessLogic.csproj", "{098B88A8-8926-4748-9EF9-E643D2B41158}"
	ProjectSection(ProjectDependencies) = postProject
		{166F9614-D009-42F2-9912-ADADDC34F6D3} = {166F9614-D009-42F2-9912-ADADDC34F6D3}
		{91D3A47E-705A-46D0-96BE-F6CAE0C75646} = {91D3A47E-705A-46D0-96BE-F6CAE0C75646}
		{55439EAB-CD03-4A83-90ED-4A1951FE3B73} = {55439EAB-CD03-4A83-90ED-4A1951FE3B73}
	EndProjectSection
EndProject
Project("{9A19103F-16F7-4668-BE54-9A1E7A4F7556}") = "RealityCS.DataLayer", "RealityCS.DataLayer\RealityCS.DataLayer.csproj", "{91D3A47E-705A-46D0-96BE-F6CAE0C75646}"
EndProject
Project("{9A19103F-16F7-4668-BE54-9A1E7A4F7556}") = "RealityCS.DTO", "RealityCS.DTO\RealityCS.DTO.csproj", "{166F9614-D009-42F2-9912-ADADDC34F6D3}"
	ProjectSection(ProjectDependencies) = postProject
		{91D3A47E-705A-46D0-96BE-F6CAE0C75646} = {91D3A47E-705A-46D0-96BE-F6CAE0C75646}
		{55439EAB-CD03-4A83-90ED-4A1951FE3B73} = {55439EAB-CD03-4A83-90ED-4A1951FE3B73}
	EndProjectSection
EndProject
Project("{9A19103F-16F7-4668-BE54-9A1E7A4F7556}") = "RealityCS.Scheduler", "RealityCS.Scheduler\RealityCS.Scheduler.csproj", "{928CC69B-4BD1-43E8-B46A-AB901ED7E71E}"
	ProjectSection(ProjectDependencies) = postProject
		{166F9614-D009-42F2-9912-ADADDC34F6D3} = {166F9614-D009-42F2-9912-ADADDC34F6D3}
		{098B88A8-8926-4748-9EF9-E643D2B41158} = {098B88A8-8926-4748-9EF9-E643D2B41158}
	EndProjectSection
EndProject
Project("{9A19103F-16F7-4668-BE54-9A1E7A4F7556}") = "RealityCS.SharedMethods", "RealityCS.SharedMethods\RealityCS.SharedMethods.csproj", "{8E7733CF-1108-4124-BF29-41878545E25F}"
EndProject
Project("{9A19103F-16F7-4668-BE54-9A1E7A4F7556}") = "RealityCS.KPI", "RealityCS.KPI\RealityCS.KPI.csproj", "{0CB251C5-2945-4254-9B11-1E259B4FFC56}"
EndProject
Project("{9A19103F-16F7-4668-BE54-9A1E7A4F7556}") = "RealityCS.ServiceCollectionExtensions", "RealityCS.ServiceCollectionExtensions\RealityCS.ServiceCollectionExtensions.csproj", "{AA6AE1AA-5B16-4D03-9C0C-00D64E130F7C}"
	ProjectSection(ProjectDependencies) = postProject
		{166F9614-D009-42F2-9912-ADADDC34F6D3} = {166F9614-D009-42F2-9912-ADADDC34F6D3}
		{91D3A47E-705A-46D0-96BE-F6CAE0C75646} = {91D3A47E-705A-46D0-96BE-F6CAE0C75646}
		{098B88A8-8926-4748-9EF9-E643D2B41158} = {098B88A8-8926-4748-9EF9-E643D2B41158}
		{55439EAB-CD03-4A83-90ED-4A1951FE3B73} = {55439EAB-CD03-4A83-90ED-4A1951FE3B73}
	EndProjectSection
EndProject
Project("{FAE04EC0-301F-11D3-BF4B-00C04F79EFBC}") = "Realitycs.Core", "Realitycs.Core\Realitycs.Core.csproj", "{6AE0B9F2-CF29-4CDC-9CAE-008447CA6989}"
EndProject
Global
	GlobalSection(SolutionConfigurationPlatforms) = preSolution
		Debug|Any CPU = Debug|Any CPU
		Release|Any CPU = Release|Any CPU
	EndGlobalSection
	GlobalSection(ProjectConfigurationPlatforms) = postSolution
		{04ED3058-3948-4258-BB61-CCE9DB0F83BE}.Debug|Any CPU.ActiveCfg = Debug|Any CPU
		{04ED3058-3948-4258-BB61-CCE9DB0F83BE}.Debug|Any CPU.Build.0 = Debug|Any CPU
		{04ED3058-3948-4258-BB61-CCE9DB0F83BE}.Release|Any CPU.ActiveCfg = Release|Any CPU
		{04ED3058-3948-4258-BB61-CCE9DB0F83BE}.Release|Any CPU.Build.0 = Release|Any CPU
		{55439EAB-CD03-4A83-90ED-4A1951FE3B73}.Debug|Any CPU.ActiveCfg = Debug|Any CPU
		{55439EAB-CD03-4A83-90ED-4A1951FE3B73}.Debug|Any CPU.Build.0 = Debug|Any CPU
		{55439EAB-CD03-4A83-90ED-4A1951FE3B73}.Release|Any CPU.ActiveCfg = Release|Any CPU
		{55439EAB-CD03-4A83-90ED-4A1951FE3B73}.Release|Any CPU.Build.0 = Release|Any CPU
		{11B089CC-5053-4400-8BED-811C03656B0D}.Debug|Any CPU.ActiveCfg = Debug|Any CPU
		{11B089CC-5053-4400-8BED-811C03656B0D}.Debug|Any CPU.Build.0 = Debug|Any CPU
		{11B089CC-5053-4400-8BED-811C03656B0D}.Release|Any CPU.ActiveCfg = Release|Any CPU
		{11B089CC-5053-4400-8BED-811C03656B0D}.Release|Any CPU.Build.0 = Release|Any CPU
		{098B88A8-8926-4748-9EF9-E643D2B41158}.Debug|Any CPU.ActiveCfg = Debug|Any CPU
		{098B88A8-8926-4748-9EF9-E643D2B41158}.Debug|Any CPU.Build.0 = Debug|Any CPU
		{098B88A8-8926-4748-9EF9-E643D2B41158}.Release|Any CPU.ActiveCfg = Release|Any CPU
		{098B88A8-8926-4748-9EF9-E643D2B41158}.Release|Any CPU.Build.0 = Release|Any CPU
		{91D3A47E-705A-46D0-96BE-F6CAE0C75646}.Debug|Any CPU.ActiveCfg = Debug|Any CPU
		{91D3A47E-705A-46D0-96BE-F6CAE0C75646}.Debug|Any CPU.Build.0 = Debug|Any CPU
		{91D3A47E-705A-46D0-96BE-F6CAE0C75646}.Release|Any CPU.ActiveCfg = Release|Any CPU
		{91D3A47E-705A-46D0-96BE-F6CAE0C75646}.Release|Any CPU.Build.0 = Release|Any CPU
		{166F9614-D009-42F2-9912-ADADDC34F6D3}.Debug|Any CPU.ActiveCfg = Debug|Any CPU
		{166F9614-D009-42F2-9912-ADADDC34F6D3}.Debug|Any CPU.Build.0 = Debug|Any CPU
		{166F9614-D009-42F2-9912-ADADDC34F6D3}.Release|Any CPU.ActiveCfg = Release|Any CPU
		{166F9614-D009-42F2-9912-ADADDC34F6D3}.Release|Any CPU.Build.0 = Release|Any CPU
		{928CC69B-4BD1-43E8-B46A-AB901ED7E71E}.Debug|Any CPU.ActiveCfg = Debug|Any CPU
		{928CC69B-4BD1-43E8-B46A-AB901ED7E71E}.Debug|Any CPU.Build.0 = Debug|Any CPU
		{928CC69B-4BD1-43E8-B46A-AB901ED7E71E}.Release|Any CPU.ActiveCfg = Release|Any CPU
		{928CC69B-4BD1-43E8-B46A-AB901ED7E71E}.Release|Any CPU.Build.0 = Release|Any CPU
		{8E7733CF-1108-4124-BF29-41878545E25F}.Debug|Any CPU.ActiveCfg = Debug|Any CPU
		{8E7733CF-1108-4124-BF29-41878545E25F}.Debug|Any CPU.Build.0 = Debug|Any CPU
		{8E7733CF-1108-4124-BF29-41878545E25F}.Release|Any CPU.ActiveCfg = Release|Any CPU
		{8E7733CF-1108-4124-BF29-41878545E25F}.Release|Any CPU.Build.0 = Release|Any CPU
		{0CB251C5-2945-4254-9B11-1E259B4FFC56}.Debug|Any CPU.ActiveCfg = Debug|Any CPU
		{0CB251C5-2945-4254-9B11-1E259B4FFC56}.Debug|Any CPU.Build.0 = Debug|Any CPU
		{0CB251C5-2945-4254-9B11-1E259B4FFC56}.Release|Any CPU.ActiveCfg = Release|Any CPU
		{0CB251C5-2945-4254-9B11-1E259B4FFC56}.Release|Any CPU.Build.0 = Release|Any CPU
		{AA6AE1AA-5B16-4D03-9C0C-00D64E130F7C}.Debug|Any CPU.ActiveCfg = Debug|Any CPU
		{AA6AE1AA-5B16-4D03-9C0C-00D64E130F7C}.Debug|Any CPU.Build.0 = Debug|Any CPU
		{AA6AE1AA-5B16-4D03-9C0C-00D64E130F7C}.Release|Any CPU.ActiveCfg = Release|Any CPU
		{AA6AE1AA-5B16-4D03-9C0C-00D64E130F7C}.Release|Any CPU.Build.0 = Release|Any CPU
		{6AE0B9F2-CF29-4CDC-9CAE-008447CA6989}.Debug|Any CPU.ActiveCfg = Debug|Any CPU
		{6AE0B9F2-CF29-4CDC-9CAE-008447CA6989}.Debug|Any CPU.Build.0 = Debug|Any CPU
		{6AE0B9F2-CF29-4CDC-9CAE-008447CA6989}.Release|Any CPU.ActiveCfg = Release|Any CPU
		{6AE0B9F2-CF29-4CDC-9CAE-008447CA6989}.Release|Any CPU.Build.0 = Release|Any CPU
	EndGlobalSection
	GlobalSection(SolutionProperties) = preSolution
		HideSolutionNode = FALSE
	EndGlobalSection
	GlobalSection(ExtensibilityGlobals) = postSolution
		SolutionGuid = {28B38356-178A-4DFE-8330-3220FCF97AED}
	EndGlobalSection
EndGlobal
